
Microsoft Visual Studio Solution File, Format Version 12.00
# Visual Studio Version 17
VisualStudioVersion = 17.10.35013.160
MinimumVisualStudioVersion = 10.0.40219.1
Project("{FAE04EC0-301F-11D3-BF4B-00C04F79EFBC}") = "CRUDWithRepositoryPattern.UI", "CRUDWithRepositoryPattern\CRUDWithRepositoryPattern.UI.csproj", "{C2FCF666-E04A-4B53-817F-77CBD35DD246}"
EndProject
Project("{FAE04EC0-301F-11D3-BF4B-00C04F79EFBC}") = "CRUDWithRepositoryPattern.Core", "CRUDWithRepositoryPattern.Core\CRUDWithRepositoryPattern.Core.csproj", "{B07AC259-C2EC-4478-B349-81C13E8FAE3C}"
EndProject
Project("{FAE04EC0-301F-11D3-BF4B-00C04F79EFBC}") = "CRUDWithRepositoryPattern.Infrastructure", "CRUDWithRepositoryPattern.Infrastructure\CRUDWithRepositoryPattern.Infrastructure.csproj", "{3C459DA5-AEB1-458E-9EFA-4AACA4E51EC0}"
EndProject
Global
	GlobalSection(SolutionConfigurationPlatforms) = preSolution
		Debug|Any CPU = Debug|Any CPU
		Release|Any CPU = Release|Any CPU
	EndGlobalSection
	GlobalSection(ProjectConfigurationPlatforms) = postSolution
		{C2FCF666-E04A-4B53-817F-77CBD35DD246}.Debug|Any CPU.ActiveCfg = Debug|Any CPU
		{C2FCF666-E04A-4B53-817F-77CBD35DD246}.Debug|Any CPU.Build.0 = Debug|Any CPU
		{C2FCF666-E04A-4B53-817F-77CBD35DD246}.Release|Any CPU.ActiveCfg = Release|Any CPU
		{C2FCF666-E04A-4B53-817F-77CBD35DD246}.Release|Any CPU.Build.0 = Release|Any CPU
		{B07AC259-C2EC-4478-B349-81C13E8FAE3C}.Debug|Any CPU.ActiveCfg = Debug|Any CPU
		{B07AC259-C2EC-4478-B349-81C13E8FAE3C}.Debug|Any CPU.Build.0 = Debug|Any CPU
		{B07AC259-C2EC-4478-B349-81C13E8FAE3C}.Release|Any CPU.ActiveCfg = Release|Any CPU
		{B07AC259-C2EC-4478-B349-81C13E8FAE3C}.Release|Any CPU.Build.0 = Release|Any CPU
		{3C459DA5-AEB1-458E-9EFA-4AACA4E51EC0}.Debug|Any CPU.ActiveCfg = Debug|Any CPU
		{3C459DA5-AEB1-458E-9EFA-4AACA4E51EC0}.Debug|Any CPU.Build.0 = Debug|Any CPU
		{3C459DA5-AEB1-458E-9EFA-4AACA4E51EC0}.Release|Any CPU.ActiveCfg = Release|Any CPU
		{3C459DA5-AEB1-458E-9EFA-4AACA4E51EC0}.Release|Any CPU.Build.0 = Release|Any CPU
	EndGlobalSection
	GlobalSection(SolutionProperties) = preSolution
		HideSolutionNode = FALSE
	EndGlobalSection
	GlobalSection(ExtensibilityGlobals) = postSolution
		SolutionGuid = {D6CDB491-DB60-479E-8EF8-1F597BA8D8F7}
	EndGlobalSection
EndGlobal
